
Microsoft Visual Studio Solution File, Format Version 12.00
# Visual Studio Version 17
VisualStudioVersion = 17.13.35931.197 d17.13
MinimumVisualStudioVersion = 10.0.40219.1
Project("{FAE04EC0-301F-11D3-BF4B-00C04F79EFBC}") = "WpfApp89", "WpfApp89\WpfApp89.csproj", "{2071A8CC-8945-4653-822E-4CED72CC43F8}"
EndProject
Global
	GlobalSection(SolutionConfigurationPlatforms) = preSolution
		Debug|Any CPU = Debug|Any CPU
		Release|Any CPU = Release|Any CPU
	EndGlobalSection
	GlobalSection(ProjectConfigurationPlatforms) = postSolution
		{2071A8CC-8945-4653-822E-4CED72CC43F8}.Debug|Any CPU.ActiveCfg = Debug|Any CPU
		{2071A8CC-8945-4653-822E-4CED72CC43F8}.Debug|Any CPU.Build.0 = Debug|Any CPU
		{2071A8CC-8945-4653-822E-4CED72CC43F8}.Release|Any CPU.ActiveCfg = Release|Any CPU
		{2071A8CC-8945-4653-822E-4CED72CC43F8}.Release|Any CPU.Build.0 = Release|Any CPU
	EndGlobalSection
	GlobalSection(SolutionProperties) = preSolution
		HideSolutionNode = FALSE
	EndGlobalSection
	GlobalSection(ExtensibilityGlobals) = postSolution
		SolutionGuid = {1A19A566-545C-4F9F-A4E6-637D78ADF6B3}
	EndGlobalSection
EndGlobal
